// !$*UTF8*$!
{
	archiveVersion = 1;
	classes = {
	};
	objectVersion = 50;
	objects = {

/* Begin PBXBuildFile section */
		6043A21A26A2F9F300CC28A8 /* AppDelegate.swift in Sources */ = {isa = PBXBuildFile; fileRef = 6043A21926A2F9F300CC28A8 /* AppDelegate.swift */; };
		6043A21C26A2F9F300CC28A8 /* SceneDelegate.swift in Sources */ = {isa = PBXBuildFile; fileRef = 6043A21B26A2F9F300CC28A8 /* SceneDelegate.swift */; };
		6043A21E26A2F9F300CC28A8 /* ViewController.swift in Sources */ = {isa = PBXBuildFile; fileRef = 6043A21D26A2F9F300CC28A8 /* ViewController.swift */; };
		6043A22126A2F9F300CC28A8 /* Main.storyboard in Resources */ = {isa = PBXBuildFile; fileRef = 6043A21F26A2F9F300CC28A8 /* Main.storyboard */; };
		6043A22426A2F9F300CC28A8 /* MiniProject2.xcdatamodeld in Sources */ = {isa = PBXBuildFile; fileRef = 6043A22226A2F9F300CC28A8 /* MiniProject2.xcdatamodeld */; };
		6043A22626A2F9F600CC28A8 /* Assets.xcassets in Resources */ = {isa = PBXBuildFile; fileRef = 6043A22526A2F9F600CC28A8 /* Assets.xcassets */; };
		6043A22926A2F9F600CC28A8 /* LaunchScreen.storyboard in Resources */ = {isa = PBXBuildFile; fileRef = 6043A22726A2F9F600CC28A8 /* LaunchScreen.storyboard */; };
		6043A23426A2F9F600CC28A8 /* MiniProject2Tests.swift in Sources */ = {isa = PBXBuildFile; fileRef = 6043A23326A2F9F600CC28A8 /* MiniProject2Tests.swift */; };
		6043A23F26A2F9F600CC28A8 /* MiniProject2UITests.swift in Sources */ = {isa = PBXBuildFile; fileRef = 6043A23E26A2F9F600CC28A8 /* MiniProject2UITests.swift */; };
		6043A25326A311CC00CC28A8 /* ViewController2.swift in Sources */ = {isa = PBXBuildFile; fileRef = 6043A25226A311CC00CC28A8 /* ViewController2.swift */; };
/* End PBXBuildFile section */

/* Begin PBXContainerItemProxy section */
		6043A23026A2F9F600CC28A8 /* PBXContainerItemProxy */ = {
			isa = PBXContainerItemProxy;
			containerPortal = 6043A20E26A2F9F300CC28A8 /* Project object */;
			proxyType = 1;
			remoteGlobalIDString = 6043A21526A2F9F300CC28A8;
			remoteInfo = MiniProject2;
		};
		6043A23B26A2F9F600CC28A8 /* PBXContainerItemProxy */ = {
			isa = PBXContainerItemProxy;
			containerPortal = 6043A20E26A2F9F300CC28A8 /* Project object */;
			proxyType = 1;
			remoteGlobalIDString = 6043A21526A2F9F300CC28A8;
			remoteInfo = MiniProject2;
		};
/* End PBXContainerItemProxy section */

/* Begin PBXFileReference section */
		6043A21626A2F9F300CC28A8 /* MiniProject2.app */ = {isa = PBXFileReference; explicitFileType = wrapper.application; includeInIndex = 0; path = MiniProject2.app; sourceTree = BUILT_PRODUCTS_DIR; };
		6043A21926A2F9F300CC28A8 /* AppDelegate.swift */ = {isa = PBXFileReference; lastKnownFileType = sourcecode.swift; path = AppDelegate.swift; sourceTree = "<group>"; };
		6043A21B26A2F9F300CC28A8 /* SceneDelegate.swift */ = {isa = PBXFileReference; lastKnownFileType = sourcecode.swift; path = SceneDelegate.swift; sourceTree = "<group>"; };
		6043A21D26A2F9F300CC28A8 /* ViewController.swift */ = {isa = PBXFileReference; lastKnownFileType = sourcecode.swift; path = ViewController.swift; sourceTree = "<group>"; };
		6043A22026A2F9F300CC28A8 /* Base */ = {isa = PBXFileReference; lastKnownFileType = file.storyboard; name = Base; path = Base.lproj/Main.storyboard; sourceTree = "<group>"; };
		6043A22326A2F9F300CC28A8 /* MiniProject2.xcdatamodel */ = {isa = PBXFileReference; lastKnownFileType = wrapper.xcdatamodel; path = MiniProject2.xcdatamodel; sourceTree = "<group>"; };
		6043A22526A2F9F600CC28A8 /* Assets.xcassets */ = {isa = PBXFileReference; lastKnownFileType = folder.assetcatalog; path = Assets.xcassets; sourceTree = "<group>"; };
		6043A22826A2F9F600CC28A8 /* Base */ = {isa = PBXFileReference; lastKnownFileType = file.storyboard; name = Base; path = Base.lproj/LaunchScreen.storyboard; sourceTree = "<group>"; };
		6043A22A26A2F9F600CC28A8 /* Info.plist */ = {isa = PBXFileReference; lastKnownFileType = text.plist.xml; path = Info.plist; sourceTree = "<group>"; };
		6043A22F26A2F9F600CC28A8 /* MiniProject2Tests.xctest */ = {isa = PBXFileReference; explicitFileType = wrapper.cfbundle; includeInIndex = 0; path = MiniProject2Tests.xctest; sourceTree = BUILT_PRODUCTS_DIR; };
		6043A23326A2F9F600CC28A8 /* MiniProject2Tests.swift */ = {isa = PBXFileReference; lastKnownFileType = sourcecode.swift; path = MiniProject2Tests.swift; sourceTree = "<group>"; };
		6043A23526A2F9F600CC28A8 /* Info.plist */ = {isa = PBXFileReference; lastKnownFileType = text.plist.xml; path = Info.plist; sourceTree = "<group>"; };
		6043A23A26A2F9F600CC28A8 /* MiniProject2UITests.xctest */ = {isa = PBXFileReference; explicitFileType = wrapper.cfbundle; includeInIndex = 0; path = MiniProject2UITests.xctest; sourceTree = BUILT_PRODUCTS_DIR; };
		6043A23E26A2F9F600CC28A8 /* MiniProject2UITests.swift */ = {isa = PBXFileReference; lastKnownFileType = sourcecode.swift; path = MiniProject2UITests.swift; sourceTree = "<group>"; };
		6043A24026A2F9F600CC28A8 /* Info.plist */ = {isa = PBXFileReference; lastKnownFileType = text.plist.xml; path = Info.plist; sourceTree = "<group>"; };
		6043A25226A311CC00CC28A8 /* ViewController2.swift */ = {isa = PBXFileReference; lastKnownFileType = sourcecode.swift; path = ViewController2.swift; sourceTree = "<group>"; };
/* End PBXFileReference section */

/* Begin PBXFrameworksBuildPhase section */
		6043A21326A2F9F300CC28A8 /* Frameworks */ = {
			isa = PBXFrameworksBuildPhase;
			buildActionMask = 2147483647;
			files = (
			);
			runOnlyForDeploymentPostprocessing = 0;
		};
		6043A22C26A2F9F600CC28A8 /* Frameworks */ = {
			isa = PBXFrameworksBuildPhase;
			buildActionMask = 2147483647;
			files = (
			);
			runOnlyForDeploymentPostprocessing = 0;
		};
		6043A23726A2F9F600CC28A8 /* Frameworks */ = {
			isa = PBXFrameworksBuildPhase;
			buildActionMask = 2147483647;
			files = (
			);
			runOnlyForDeploymentPostprocessing = 0;
		};
/* End PBXFrameworksBuildPhase section */

/* Begin PBXGroup section */
		6043A20D26A2F9F300CC28A8 = {
			isa = PBXGroup;
			children = (
				6043A21826A2F9F300CC28A8 /* MiniProject2 */,
				6043A23226A2F9F600CC28A8 /* MiniProject2Tests */,
				6043A23D26A2F9F600CC28A8 /* MiniProject2UITests */,
				6043A21726A2F9F300CC28A8 /* Products */,
			);
			sourceTree = "<group>";
		};
		6043A21726A2F9F300CC28A8 /* Products */ = {
			isa = PBXGroup;
			children = (
				6043A21626A2F9F300CC28A8 /* MiniProject2.app */,
				6043A22F26A2F9F600CC28A8 /* MiniProject2Tests.xctest */,
				6043A23A26A2F9F600CC28A8 /* MiniProject2UITests.xctest */,
			);
			name = Products;
			sourceTree = "<group>";
		};
		6043A21826A2F9F300CC28A8 /* MiniProject2 */ = {
			isa = PBXGroup;
			children = (
				6043A21926A2F9F300CC28A8 /* AppDelegate.swift */,
				6043A21B26A2F9F300CC28A8 /* SceneDelegate.swift */,
				6043A21D26A2F9F300CC28A8 /* ViewController.swift */,
				6043A21F26A2F9F300CC28A8 /* Main.storyboard */,
				6043A25226A311CC00CC28A8 /* ViewController2.swift */,
				6043A22526A2F9F600CC28A8 /* Assets.xcassets */,
				6043A22726A2F9F600CC28A8 /* LaunchScreen.storyboard */,
				6043A22A26A2F9F600CC28A8 /* Info.plist */,
				6043A22226A2F9F300CC28A8 /* MiniProject2.xcdatamodeld */,
			);
			path = MiniProject2;
			sourceTree = "<group>";
		};
		6043A23226A2F9F600CC28A8 /* MiniProject2Tests */ = {
			isa = PBXGroup;
			children = (
				6043A23326A2F9F600CC28A8 /* MiniProject2Tests.swift */,
				6043A23526A2F9F600CC28A8 /* Info.plist */,
			);
			path = MiniProject2Tests;
			sourceTree = "<group>";
		};
		6043A23D26A2F9F600CC28A8 /* MiniProject2UITests */ = {
			isa = PBXGroup;
			children = (
				6043A23E26A2F9F600CC28A8 /* MiniProject2UITests.swift */,
				6043A24026A2F9F600CC28A8 /* Info.plist */,
			);
			path = MiniProject2UITests;
			sourceTree = "<group>";
		};
/* End PBXGroup section */

/* Begin PBXNativeTarget section */
		6043A21526A2F9F300CC28A8 /* MiniProject2 */ = {
			isa = PBXNativeTarget;
			buildConfigurationList = 6043A24326A2F9F600CC28A8 /* Build configuration list for PBXNativeTarget "MiniProject2" */;
			buildPhases = (
				6043A21226A2F9F300CC28A8 /* Sources */,
				6043A21326A2F9F300CC28A8 /* Frameworks */,
				6043A21426A2F9F300CC28A8 /* Resources */,
			);
			buildRules = (
			);
			dependencies = (
			);
			name = MiniProject2;
			productName = MiniProject2;
			productReference = 6043A21626A2F9F300CC28A8 /* MiniProject2.app */;
			productType = "com.apple.product-type.application";
		};
		6043A22E26A2F9F600CC28A8 /* MiniProject2Tests */ = {
			isa = PBXNativeTarget;
			buildConfigurationList = 6043A24626A2F9F600CC28A8 /* Build configuration list for PBXNativeTarget "MiniProject2Tests" */;
			buildPhases = (
				6043A22B26A2F9F600CC28A8 /* Sources */,
				6043A22C26A2F9F600CC28A8 /* Frameworks */,
				6043A22D26A2F9F600CC28A8 /* Resources */,
			);
			buildRules = (
			);
			dependencies = (
				6043A23126A2F9F600CC28A8 /* PBXTargetDependency */,
			);
			name = MiniProject2Tests;
			productName = MiniProject2Tests;
			productReference = 6043A22F26A2F9F600CC28A8 /* MiniProject2Tests.xctest */;
			productType = "com.apple.product-type.bundle.unit-test";
		};
		6043A23926A2F9F600CC28A8 /* MiniProject2UITests */ = {
			isa = PBXNativeTarget;
			buildConfigurationList = 6043A24926A2F9F600CC28A8 /* Build configuration list for PBXNativeTarget "MiniProject2UITests" */;
			buildPhases = (
				6043A23626A2F9F600CC28A8 /* Sources */,
				6043A23726A2F9F600CC28A8 /* Frameworks */,
				6043A23826A2F9F600CC28A8 /* Resources */,
			);
			buildRules = (
			);
			dependencies = (
				6043A23C26A2F9F600CC28A8 /* PBXTargetDependency */,
			);
			name = MiniProject2UITests;
			productName = MiniProject2UITests;
			productReference = 6043A23A26A2F9F600CC28A8 /* MiniProject2UITests.xctest */;
			productType = "com.apple.product-type.bundle.ui-testing";
		};
/* End PBXNativeTarget section */

/* Begin PBXProject section */
		6043A20E26A2F9F300CC28A8 /* Project object */ = {
			isa = PBXProject;
			attributes = {
				LastSwiftUpdateCheck = 1250;
				LastUpgradeCheck = 1250;
				TargetAttributes = {
					6043A21526A2F9F300CC28A8 = {
						CreatedOnToolsVersion = 12.5.1;
					};
					6043A22E26A2F9F600CC28A8 = {
						CreatedOnToolsVersion = 12.5.1;
						TestTargetID = 6043A21526A2F9F300CC28A8;
					};
					6043A23926A2F9F600CC28A8 = {
						CreatedOnToolsVersion = 12.5.1;
						TestTargetID = 6043A21526A2F9F300CC28A8;
					};
				};
			};
			buildConfigurationList = 6043A21126A2F9F300CC28A8 /* Build configuration list for PBXProject "MiniProject2" */;
			compatibilityVersion = "Xcode 9.3";
			developmentRegion = en;
			hasScannedForEncodings = 0;
			knownRegions = (
				en,
				Base,
			);
			mainGroup = 6043A20D26A2F9F300CC28A8;
			productRefGroup = 6043A21726A2F9F300CC28A8 /* Products */;
			projectDirPath = "";
			projectRoot = "";
			targets = (
				6043A21526A2F9F300CC28A8 /* MiniProject2 */,
				6043A22E26A2F9F600CC28A8 /* MiniProject2Tests */,
				6043A23926A2F9F600CC28A8 /* MiniProject2UITests */,
			);
		};
/* End PBXProject section */

/* Begin PBXResourcesBuildPhase section */
		6043A21426A2F9F300CC28A8 /* Resources */ = {
			isa = PBXResourcesBuildPhase;
			buildActionMask = 2147483647;
			files = (
				6043A22926A2F9F600CC28A8 /* LaunchScreen.storyboard in Resources */,
				6043A22626A2F9F600CC28A8 /* Assets.xcassets in Resources */,
				6043A22126A2F9F300CC28A8 /* Main.storyboard in Resources */,
			);
			runOnlyForDeploymentPostprocessing = 0;
		};
		6043A22D26A2F9F600CC28A8 /* Resources */ = {
			isa = PBXResourcesBuildPhase;
			buildActionMask = 2147483647;
			files = (
			);
			runOnlyForDeploymentPostprocessing = 0;
		};
		6043A23826A2F9F600CC28A8 /* Resources */ = {
			isa = PBXResourcesBuildPhase;
			buildActionMask = 2147483647;
			files = (
			);
			runOnlyForDeploymentPostprocessing = 0;
		};
/* End PBXResourcesBuildPhase section */

/* Begin PBXSourcesBuildPhase section */
		6043A21226A2F9F300CC28A8 /* Sources */ = {
			isa = PBXSourcesBuildPhase;
			buildActionMask = 2147483647;
			files = (
				6043A25326A311CC00CC28A8 /* ViewController2.swift in Sources */,
				6043A21E26A2F9F300CC28A8 /* ViewController.swift in Sources */,
				6043A21A26A2F9F300CC28A8 /* AppDelegate.swift in Sources */,
				6043A21C26A2F9F300CC28A8 /* SceneDelegate.swift in Sources */,
				6043A22426A2F9F300CC28A8 /* MiniProject2.xcdatamodeld in Sources */,
			);
			runOnlyForDeploymentPostprocessing = 0;
		};
		6043A22B26A2F9F600CC28A8 /* Sources */ = {
			isa = PBXSourcesBuildPhase;
			buildActionMask = 2147483647;
			files = (
				6043A23426A2F9F600CC28A8 /* MiniProject2Tests.swift in Sources */,
			);
			runOnlyForDeploymentPostprocessing = 0;
		};
		6043A23626A2F9F600CC28A8 /* Sources */ = {
			isa = PBXSourcesBuildPhase;
			buildActionMask = 2147483647;
			files = (
				6043A23F26A2F9F600CC28A8 /* MiniProject2UITests.swift in Sources */,
			);
			runOnlyForDeploymentPostprocessing = 0;
		};
/* End PBXSourcesBuildPhase section */

/* Begin PBXTargetDependency section */
		6043A23126A2F9F600CC28A8 /* PBXTargetDependency */ = {
			isa = PBXTargetDependency;
			target = 6043A21526A2F9F300CC28A8 /* MiniProject2 */;
			targetProxy = 6043A23026A2F9F600CC28A8 /* PBXContainerItemProxy */;
		};
		6043A23C26A2F9F600CC28A8 /* PBXTargetDependency */ = {
			isa = PBXTargetDependency;
			target = 6043A21526A2F9F300CC28A8 /* MiniProject2 */;
			targetProxy = 6043A23B26A2F9F600CC28A8 /* PBXContainerItemProxy */;
		};
/* End PBXTargetDependency section */

/* Begin PBXVariantGroup section */
		6043A21F26A2F9F300CC28A8 /* Main.storyboard */ = {
			isa = PBXVariantGroup;
			children = (
				6043A22026A2F9F300CC28A8 /* Base */,
			);
			name = Main.storyboard;
			sourceTree = "<group>";
		};
		6043A22726A2F9F600CC28A8 /* LaunchScreen.storyboard */ = {
			isa = PBXVariantGroup;
			children = (
				6043A22826A2F9F600CC28A8 /* Base */,
			);
			name = LaunchScreen.storyboard;
			sourceTree = "<group>";
		};
/* End PBXVariantGroup section */

/* Begin XCBuildConfiguration section */
		6043A24126A2F9F600CC28A8 /* Debug */ = {
			isa = XCBuildConfiguration;
			buildSettings = {
				ALWAYS_SEARCH_USER_PATHS = NO;
				CLANG_ANALYZER_NONNULL = YES;
				CLANG_ANALYZER_NUMBER_OBJECT_CONVERSION = YES_AGGRESSIVE;
				CLANG_CXX_LANGUAGE_STANDARD = "gnu++14";
				CLANG_CXX_LIBRARY = "libc++";
				CLANG_ENABLE_MODULES = YES;
				CLANG_ENABLE_OBJC_ARC = YES;
				CLANG_ENABLE_OBJC_WEAK = YES;
				CLANG_WARN_BLOCK_CAPTURE_AUTORELEASING = YES;
				CLANG_WARN_BOOL_CONVERSION = YES;
				CLANG_WARN_COMMA = YES;
				CLANG_WARN_CONSTANT_CONVERSION = YES;
				CLANG_WARN_DEPRECATED_OBJC_IMPLEMENTATIONS = YES;
				CLANG_WARN_DIRECT_OBJC_ISA_USAGE = YES_ERROR;
				CLANG_WARN_DOCUMENTATION_COMMENTS = YES;
				CLANG_WARN_EMPTY_BODY = YES;
				CLANG_WARN_ENUM_CONVERSION = YES;
				CLANG_WARN_INFINITE_RECURSION = YES;
				CLANG_WARN_INT_CONVERSION = YES;
				CLANG_WARN_NON_LITERAL_NULL_CONVERSION = YES;
				CLANG_WARN_OBJC_IMPLICIT_RETAIN_SELF = YES;
				CLANG_WARN_OBJC_LITERAL_CONVERSION = YES;
				CLANG_WARN_OBJC_ROOT_CLASS = YES_ERROR;
				CLANG_WARN_QUOTED_INCLUDE_IN_FRAMEWORK_HEADER = YES;
				CLANG_WARN_RANGE_LOOP_ANALYSIS = YES;
				CLANG_WARN_STRICT_PROTOTYPES = YES;
				CLANG_WARN_SUSPICIOUS_MOVE = YES;
				CLANG_WARN_UNGUARDED_AVAILABILITY = YES_AGGRESSIVE;
				CLANG_WARN_UNREACHABLE_CODE = YES;
				CLANG_WARN__DUPLICATE_METHOD_MATCH = YES;
				COPY_PHASE_STRIP = NO;
				DEBUG_INFORMATION_FORMAT = dwarf;
				ENABLE_STRICT_OBJC_MSGSEND = YES;
				ENABLE_TESTABILITY = YES;
				GCC_C_LANGUAGE_STANDARD = gnu11;
				GCC_DYNAMIC_NO_PIC = NO;
				GCC_NO_COMMON_BLOCKS = YES;
				GCC_OPTIMIZATION_LEVEL = 0;
				GCC_PREPROCESSOR_DEFINITIONS = (
					"DEBUG=1",
					"$(inherited)",
				);
				GCC_WARN_64_TO_32_BIT_CONVERSION = YES;
				GCC_WARN_ABOUT_RETURN_TYPE = YES_ERROR;
				GCC_WARN_UNDECLARED_SELECTOR = YES;
				GCC_WARN_UNINITIALIZED_AUTOS = YES_AGGRESSIVE;
				GCC_WARN_UNUSED_FUNCTION = YES;
				GCC_WARN_UNUSED_VARIABLE = YES;
				IPHONEOS_DEPLOYMENT_TARGET = 14.5;
				MTL_ENABLE_DEBUG_INFO = INCLUDE_SOURCE;
				MTL_FAST_MATH = YES;
				ONLY_ACTIVE_ARCH = YES;
				SDKROOT = iphoneos;
				SWIFT_ACTIVE_COMPILATION_CONDITIONS = DEBUG;
				SWIFT_OPTIMIZATION_LEVEL = "-Onone";
			};
			name = Debug;
		};
		6043A24226A2F9F600CC28A8 /* Release */ = {
			isa = XCBuildConfiguration;
			buildSettings = {
				ALWAYS_SEARCH_USER_PATHS = NO;
				CLANG_ANALYZER_NONNULL = YES;
				CLANG_ANALYZER_NUMBER_OBJECT_CONVERSION = YES_AGGRESSIVE;
				CLANG_CXX_LANGUAGE_STANDARD = "gnu++14";
				CLANG_CXX_LIBRARY = "libc++";
				CLANG_ENABLE_MODULES = YES;
				CLANG_ENABLE_OBJC_ARC = YES;
				CLANG_ENABLE_OBJC_WEAK = YES;
				CLANG_WARN_BLOCK_CAPTURE_AUTORELEASING = YES;
				CLANG_WARN_BOOL_CONVERSION = YES;
				CLANG_WARN_COMMA = YES;
				CLANG_WARN_CONSTANT_CONVERSION = YES;
				CLANG_WARN_DEPRECATED_OBJC_IMPLEMENTATIONS = YES;
				CLANG_WARN_DIRECT_OBJC_ISA_USAGE = YES_ERROR;
				CLANG_WARN_DOCUMENTATION_COMMENTS = YES;
				CLANG_WARN_EMPTY_BODY = YES;
				CLANG_WARN_ENUM_CONVERSION = YES;
				CLANG_WARN_INFINITE_RECURSION = YES;
				CLANG_WARN_INT_CONVERSION = YES;
				CLANG_WARN_NON_LITERAL_NULL_CONVERSION = YES;
				CLANG_WARN_OBJC_IMPLICIT_RETAIN_SELF = YES;
				CLANG_WARN_OBJC_LITERAL_CONVERSION = YES;
				CLANG_WARN_OBJC_ROOT_CLASS = YES_ERROR;
				CLANG_WARN_QUOTED_INCLUDE_IN_FRAMEWORK_HEADER = YES;
				CLANG_WARN_RANGE_LOOP_ANALYSIS = YES;
				CLANG_WARN_STRICT_PROTOTYPES = YES;
				CLANG_WARN_SUSPICIOUS_MOVE = YES;
				CLANG_WARN_UNGUARDED_AVAILABILITY = YES_AGGRESSIVE;
				CLANG_WARN_UNREACHABLE_CODE = YES;
				CLANG_WARN__DUPLICATE_METHOD_MATCH = YES;
				COPY_PHASE_STRIP = NO;
				DEBUG_INFORMATION_FORMAT = "dwarf-with-dsym";
				ENABLE_NS_ASSERTIONS = NO;
				ENABLE_STRICT_OBJC_MSGSEND = YES;
				GCC_C_LANGUAGE_STANDARD = gnu11;
				GCC_NO_COMMON_BLOCKS = YES;
				GCC_WARN_64_TO_32_BIT_CONVERSION = YES;
				GCC_WARN_ABOUT_RETURN_TYPE = YES_ERROR;
				GCC_WARN_UNDECLARED_SELECTOR = YES;
				GCC_WARN_UNINITIALIZED_AUTOS = YES_AGGRESSIVE;
				GCC_WARN_UNUSED_FUNCTION = YES;
				GCC_WARN_UNUSED_VARIABLE = YES;
				IPHONEOS_DEPLOYMENT_TARGET = 14.5;
				MTL_ENABLE_DEBUG_INFO = NO;
				MTL_FAST_MATH = YES;
				SDKROOT = iphoneos;
				SWIFT_COMPILATION_MODE = wholemodule;
				SWIFT_OPTIMIZATION_LEVEL = "-O";
				VALIDATE_PRODUCT = YES;
			};
			name = Release;
		};
		6043A24426A2F9F600CC28A8 /* Debug */ = {
			isa = XCBuildConfiguration;
			buildSettings = {
				ASSETCATALOG_COMPILER_APPICON_NAME = AppIcon;
				ASSETCATALOG_COMPILER_GLOBAL_ACCENT_COLOR_NAME = AccentColor;
				CODE_SIGN_STYLE = Automatic;
				INFOPLIST_FILE = MiniProject2/Info.plist;
				LD_RUNPATH_SEARCH_PATHS = (
					"$(inherited)",
					"@executable_path/Frameworks",
				);
				PRODUCT_BUNDLE_IDENTIFIER = "Barsha-Parajuli.MiniProject2";
				PRODUCT_NAME = "$(TARGET_NAME)";
				SWIFT_VERSION = 5.0;
				TARGETED_DEVICE_FAMILY = "1,2";
			};
			name = Debug;
		};
		6043A24526A2F9F600CC28A8 /* Release */ = {
			isa = XCBuildConfiguration;
			buildSettings = {
				ASSETCATALOG_COMPILER_APPICON_NAME = AppIcon;
				ASSETCATALOG_COMPILER_GLOBAL_ACCENT_COLOR_NAME = AccentColor;
				CODE_SIGN_STYLE = Automatic;
				INFOPLIST_FILE = MiniProject2/Info.plist;
				LD_RUNPATH_SEARCH_PATHS = (
					"$(inherited)",
					"@executable_path/Frameworks",
				);
				PRODUCT_BUNDLE_IDENTIFIER = "Barsha-Parajuli.MiniProject2";
				PRODUCT_NAME = "$(TARGET_NAME)";
				SWIFT_VERSION = 5.0;
				TARGETED_DEVICE_FAMILY = "1,2";
			};
			name = Release;
		};
		6043A24726A2F9F600CC28A8 /* Debug */ = {
			isa = XCBuildConfiguration;
			buildSettings = {
				ALWAYS_EMBED_SWIFT_STANDARD_LIBRARIES = YES;
				BUNDLE_LOADER = "$(TEST_HOST)";
				CODE_SIGN_STYLE = Automatic;
				INFOPLIST_FILE = MiniProject2Tests/Info.plist;
				IPHONEOS_DEPLOYMENT_TARGET = 14.5;
				LD_RUNPATH_SEARCH_PATHS = (
					"$(inherited)",
					"@executable_path/Frameworks",
					"@loader_path/Frameworks",
				);
				PRODUCT_BUNDLE_IDENTIFIER = "Barsha-Parajuli.MiniProject2Tests";
				PRODUCT_NAME = "$(TARGET_NAME)";
				SWIFT_VERSION = 5.0;
				TARGETED_DEVICE_FAMILY = "1,2";
				TEST_HOST = "$(BUILT_PRODUCTS_DIR)/MiniProject2.app/MiniProject2";
			};
			name = Debug;
		};
		6043A24826A2F9F600CC28A8 /* Release */ = {
			isa = XCBuildConfiguration;
			buildSettings = {
				ALWAYS_EMBED_SWIFT_STANDARD_LIBRARIES = YES;
				BUNDLE_LOADER = "$(TEST_HOST)";
				CODE_SIGN_STYLE = Automatic;
				INFOPLIST_FILE = MiniProject2Tests/Info.plist;
				IPHONEOS_DEPLOYMENT_TARGET = 14.5;
				LD_RUNPATH_SEARCH_PATHS = (
					"$(inherited)",
					"@executable_path/Frameworks",
					"@loader_path/Frameworks",
				);
				PRODUCT_BUNDLE_IDENTIFIER = "Barsha-Parajuli.MiniProject2Tests";
				PRODUCT_NAME = "$(TARGET_NAME)";
				SWIFT_VERSION = 5.0;
				TARGETED_DEVICE_FAMILY = "1,2";
				TEST_HOST = "$(BUILT_PRODUCTS_DIR)/MiniProject2.app/MiniProject2";
			};
			name = Release;
		};
		6043A24A26A2F9F600CC28A8 /* Debug */ = {
			isa = XCBuildConfiguration;
			buildSettings = {
				ALWAYS_EMBED_SWIFT_STANDARD_LIBRARIES = YES;
				CODE_SIGN_STYLE = Automatic;
				INFOPLIST_FILE = MiniProject2UITests/Info.plist;
				LD_RUNPATH_SEARCH_PATHS = (
					"$(inherited)",
					"@executable_path/Frameworks",
					"@loader_path/Frameworks",
				);
				PRODUCT_BUNDLE_IDENTIFIER = "Barsha-Parajuli.MiniProject2UITests";
				PRODUCT_NAME = "$(TARGET_NAME)";
				SWIFT_VERSION = 5.0;
				TARGETED_DEVICE_FAMILY = "1,2";
				TEST_TARGET_NAME = MiniProject2;
			};
			name = Debug;
		};
		6043A24B26A2F9F600CC28A8 /* Release */ = {
			isa = XCBuildConfiguration;
			buildSettings = {
				ALWAYS_EMBED_SWIFT_STANDARD_LIBRARIES = YES;
				CODE_SIGN_STYLE = Automatic;
				INFOPLIST_FILE = MiniProject2UITests/Info.plist;
				LD_RUNPATH_SEARCH_PATHS = (
					"$(inherited)",
					"@executable_path/Frameworks",
					"@loader_path/Frameworks",
				);
				PRODUCT_BUNDLE_IDENTIFIER = "Barsha-Parajuli.MiniProject2UITests";
				PRODUCT_NAME = "$(TARGET_NAME)";
				SWIFT_VERSION = 5.0;
				TARGETED_DEVICE_FAMILY = "1,2";
				TEST_TARGET_NAME = MiniProject2;
			};
			name = Release;
		};
/* End XCBuildConfiguration section */

/* Begin XCConfigurationList section */
		6043A21126A2F9F300CC28A8 /* Build configuration list for PBXProject "MiniProject2" */ = {
			isa = XCConfigurationList;
			buildConfigurations = (
				6043A24126A2F9F600CC28A8 /* Debug */,
				6043A24226A2F9F600CC28A8 /* Release */,
			);
			defaultConfigurationIsVisible = 0;
			defaultConfigurationName = Release;
		};
		6043A24326A2F9F600CC28A8 /* Build configuration list for PBXNativeTarget "MiniProject2" */ = {
			isa = XCConfigurationList;
			buildConfigurations = (
				6043A24426A2F9F600CC28A8 /* Debug */,
				6043A24526A2F9F600CC28A8 /* Release */,
			);
			defaultConfigurationIsVisible = 0;
			defaultConfigurationName = Release;
		};
		6043A24626A2F9F600CC28A8 /* Build configuration list for PBXNativeTarget "MiniProject2Tests" */ = {
			isa = XCConfigurationList;
			buildConfigurations = (
				6043A24726A2F9F600CC28A8 /* Debug */,
				6043A24826A2F9F600CC28A8 /* Release */,
			);
			defaultConfigurationIsVisible = 0;
			defaultConfigurationName = Release;
		};
		6043A24926A2F9F600CC28A8 /* Build configuration list for PBXNativeTarget "MiniProject2UITests" */ = {
			isa = XCConfigurationList;
			buildConfigurations = (
				6043A24A26A2F9F600CC28A8 /* Debug */,
				6043A24B26A2F9F600CC28A8 /* Release */,
			);
			defaultConfigurationIsVisible = 0;
			defaultConfigurationName = Release;
		};
/* End XCConfigurationList section */

/* Begin XCVersionGroup section */
		6043A22226A2F9F300CC28A8 /* MiniProject2.xcdatamodeld */ = {
			isa = XCVersionGroup;
			children = (
				6043A22326A2F9F300CC28A8 /* MiniProject2.xcdatamodel */,
			);
			currentVersion = 6043A22326A2F9F300CC28A8 /* MiniProject2.xcdatamodel */;
			path = MiniProject2.xcdatamodeld;
			sourceTree = "<group>";
			versionGroupType = wrapper.xcdatamodel;
		};
/* End XCVersionGroup section */
	};
	rootObject = 6043A20E26A2F9F300CC28A8 /* Project object */;
}
